// !$*UTF8*$!
{
	archiveVersion = 1;
	classes = {
	};
	objectVersion = 46;
	objects = {

/* Begin PBXFileReference section */
		4577BDFA1B1145A0003D4A51 /* Makefile */ = {isa = PBXFileReference; fileEncoding = 4; lastKnownFileType = sourcecode.make; path = Makefile; sourceTree = "<group>"; };
		4577BE3E1B115CF9003D4A51 /* tiniconv_desc.c */ = {isa = PBXFileReference; fileEncoding = 4; lastKnownFileType = sourcecode.c.c; path = tiniconv_desc.c; sourceTree = "<group>"; };
		4577BE3F1B115CF9003D4A51 /* tiniconv_int.h */ = {isa = PBXFileReference; fileEncoding = 4; lastKnownFileType = sourcecode.c.h; path = tiniconv_int.h; sourceTree = "<group>"; };
		4577BE401B115CF9003D4A51 /* tiniconv.c */ = {isa = PBXFileReference; fileEncoding = 4; lastKnownFileType = sourcecode.c.c; path = tiniconv.c; sourceTree = "<group>"; };
		4577BE411B115CF9003D4A51 /* tiniconv.h */ = {isa = PBXFileReference; fileEncoding = 4; lastKnownFileType = sourcecode.c.h; path = tiniconv.h; sourceTree = "<group>"; };
		4577BE421B115D30003D4A51 /* ascii.h */ = {isa = PBXFileReference; fileEncoding = 4; lastKnownFileType = sourcecode.c.h; path = ascii.h; sourceTree = "<group>"; };
		4577BE431B115D30003D4A51 /* big5.h */ = {isa = PBXFileReference; fileEncoding = 4; lastKnownFileType = sourcecode.c.h; path = big5.h; sourceTree = "<group>"; };
		4577BE441B115D30003D4A51 /* ces_big5.h */ = {isa = PBXFileReference; fileEncoding = 4; lastKnownFileType = sourcecode.c.h; path = ces_big5.h; sourceTree = "<group>"; };
		4577BE451B115D30003D4A51 /* ces_gbk.h */ = {isa = PBXFileReference; fileEncoding = 4; lastKnownFileType = sourcecode.c.h; path = ces_gbk.h; sourceTree = "<group>"; };
		4577BE461B115D30003D4A51 /* cp1250.h */ = {isa = PBXFileReference; fileEncoding = 4; lastKnownFileType = sourcecode.c.h; path = cp1250.h; sourceTree = "<group>"; };
		4577BE471B115D30003D4A51 /* cp1251.h */ = {isa = PBXFileReference; fileEncoding = 4; lastKnownFileType = sourcecode.c.h; path = cp1251.h; sourceTree = "<group>"; };
		4577BE481B115D30003D4A51 /* cp1252.h */ = {isa = PBXFileReference; fileEncoding = 4; lastKnownFileType = sourcecode.c.h; path = cp1252.h; sourceTree = "<group>"; };
		4577BE491B115D30003D4A51 /* cp1253.h */ = {isa = PBXFileReference; fileEncoding = 4; lastKnownFileType = sourcecode.c.h; path = cp1253.h; sourceTree = "<group>"; };
		4577BE4A1B115D30003D4A51 /* cp1254.h */ = {isa = PBXFileReference; fileEncoding = 4; lastKnownFileType = sourcecode.c.h; path = cp1254.h; sourceTree = "<group>"; };
		4577BE4B1B115D30003D4A51 /* cp1255.h */ = {isa = PBXFileReference; fileEncoding = 4; lastKnownFileType = sourcecode.c.h; path = cp1255.h; sourceTree = "<group>"; };
		4577BE4C1B115D30003D4A51 /* cp1256.h */ = {isa = PBXFileReference; fileEncoding = 4; lastKnownFileType = sourcecode.c.h; path = cp1256.h; sourceTree = "<group>"; };
		4577BE4D1B115D30003D4A51 /* cp1257.h */ = {isa = PBXFileReference; fileEncoding = 4; lastKnownFileType = sourcecode.c.h; path = cp1257.h; sourceTree = "<group>"; };
		4577BE4E1B115D30003D4A51 /* cp1258.h */ = {isa = PBXFileReference; fileEncoding = 4; lastKnownFileType = sourcecode.c.h; path = cp1258.h; sourceTree = "<group>"; };
		4577BE4F1B115D30003D4A51 /* cp866.h */ = {isa = PBXFileReference; fileEncoding = 4; lastKnownFileType = sourcecode.c.h; path = cp866.h; sourceTree = "<group>"; };
		4577BE501B115D30003D4A51 /* cp936.h */ = {isa = PBXFileReference; fileEncoding = 4; lastKnownFileType = sourcecode.c.h; path = cp936.h; sourceTree = "<group>"; };
		4577BE511B115D30003D4A51 /* cp936ext.h */ = {isa = PBXFileReference; fileEncoding = 4; lastKnownFileType = sourcecode.c.h; path = cp936ext.h; sourceTree = "<group>"; };
		4577BE521B115D30003D4A51 /* euc_cn.h */ = {isa = PBXFileReference; fileEncoding = 4; lastKnownFileType = sourcecode.c.h; path = euc_cn.h; sourceTree = "<group>"; };
		4577BE531B115D30003D4A51 /* flushwc.h */ = {isa = PBXFileReference; fileEncoding = 4; lastKnownFileType = sourcecode.c.h; path = flushwc.h; sourceTree = "<group>"; };
		4577BE541B115D30003D4A51 /* gb2312.h */ = {isa = PBXFileReference; fileEncoding = 4; lastKnownFileType = sourcecode.c.h; path = gb2312.h; sourceTree = "<group>"; };
		4577BE551B115D30003D4A51 /* gbk.h */ = {isa = PBXFileReference; fileEncoding = 4; lastKnownFileType = sourcecode.c.h; path = gbk.h; sourceTree = "<group>"; };
		4577BE561B115D30003D4A51 /* gbkext1.h */ = {isa = PBXFileReference; fileEncoding = 4; lastKnownFileType = sourcecode.c.h; path = gbkext1.h; sourceTree = "<group>"; };
		4577BE571B115D30003D4A51 /* gbkext2.h */ = {isa = PBXFileReference; fileEncoding = 4; lastKnownFileType = sourcecode.c.h; path = gbkext2.h; sourceTree = "<group>"; };
		4577BE581B115D30003D4A51 /* gbkext_inv.h */ = {isa = PBXFileReference; fileEncoding = 4; lastKnownFileType = sourcecode.c.h; path = gbkext_inv.h; sourceTree = "<group>"; };
		4577BE591B115D30003D4A51 /* iso2022_jp.h */ = {isa = PBXFileReference; fileEncoding = 4; lastKnownFileType = sourcecode.c.h; path = iso2022_jp.h; sourceTree = "<group>"; };
		4577BE5A1B115D30003D4A51 /* iso8859_1.h */ = {isa = PBXFileReference; fileEncoding = 4; lastKnownFileType = sourcecode.c.h; path = iso8859_1.h; sourceTree = "<group>"; };
		4577BE5B1B115D30003D4A51 /* iso8859_10.h */ = {isa = PBXFileReference; fileEncoding = 4; lastKnownFileType = sourcecode.c.h; path = iso8859_10.h; sourceTree = "<group>"; };
		4577BE5C1B115D30003D4A51 /* iso8859_11.h */ = {isa = PBXFileReference; fileEncoding = 4; lastKnownFileType = sourcecode.c.h; path = iso8859_11.h; sourceTree = "<group>"; };
		4577BE5D1B115D30003D4A51 /* iso8859_13.h */ = {isa = PBXFileReference; fileEncoding = 4; lastKnownFileType = sourcecode.c.h; path = iso8859_13.h; sourceTree = "<group>"; };
		4577BE5E1B115D30003D4A51 /* iso8859_14.h */ = {isa = PBXFileReference; fileEncoding = 4; lastKnownFileType = sourcecode.c.h; path = iso8859_14.h; sourceTree = "<group>"; };
		4577BE5F1B115D30003D4A51 /* iso8859_15.h */ = {isa = PBXFileReference; fileEncoding = 4; lastKnownFileType = sourcecode.c.h; path = iso8859_15.h; sourceTree = "<group>"; };
		4577BE601B115D30003D4A51 /* iso8859_16.h */ = {isa = PBXFileReference; fileEncoding = 4; lastKnownFileType = sourcecode.c.h; path = iso8859_16.h; sourceTree = "<group>"; };
		4577BE611B115D30003D4A51 /* iso8859_2.h */ = {isa = PBXFileReference; fileEncoding = 4; lastKnownFileType = sourcecode.c.h; path = iso8859_2.h; sourceTree = "<group>"; };
		4577BE621B115D30003D4A51 /* iso8859_3.h */ = {isa = PBXFileReference; fileEncoding = 4; lastKnownFileType = sourcecode.c.h; path = iso8859_3.h; sourceTree = "<group>"; };
		4577BE631B115D30003D4A51 /* iso8859_4.h */ = {isa = PBXFileReference; fileEncoding = 4; lastKnownFileType = sourcecode.c.h; path = iso8859_4.h; sourceTree = "<group>"; };
		4577BE641B115D30003D4A51 /* iso8859_5.h */ = {isa = PBXFileReference; fileEncoding = 4; lastKnownFileType = sourcecode.c.h; path = iso8859_5.h; sourceTree = "<group>"; };
		4577BE651B115D30003D4A51 /* iso8859_6.h */ = {isa = PBXFileReference; fileEncoding = 4; lastKnownFileType = sourcecode.c.h; path = iso8859_6.h; sourceTree = "<group>"; };
		4577BE661B115D30003D4A51 /* iso8859_7.h */ = {isa = PBXFileReference; fileEncoding = 4; lastKnownFileType = sourcecode.c.h; path = iso8859_7.h; sourceTree = "<group>"; };
		4577BE671B115D30003D4A51 /* iso8859_8.h */ = {isa = PBXFileReference; fileEncoding = 4; lastKnownFileType = sourcecode.c.h; path = iso8859_8.h; sourceTree = "<group>"; };
		4577BE681B115D30003D4A51 /* iso8859_9.h */ = {isa = PBXFileReference; fileEncoding = 4; lastKnownFileType = sourcecode.c.h; path = iso8859_9.h; sourceTree = "<group>"; };
		4577BE691B115D30003D4A51 /* jisx0201.h */ = {isa = PBXFileReference; fileEncoding = 4; lastKnownFileType = sourcecode.c.h; path = jisx0201.h; sourceTree = "<group>"; };
		4577BE6A1B115D30003D4A51 /* jisx0208.h */ = {isa = PBXFileReference; fileEncoding = 4; lastKnownFileType = sourcecode.c.h; path = jisx0208.h; sourceTree = "<group>"; };
		4577BE6B1B115D30003D4A51 /* koi8_r.h */ = {isa = PBXFileReference; fileEncoding = 4; lastKnownFileType = sourcecode.c.h; path = koi8_r.h; sourceTree = "<group>"; };
		4577BE6C1B115D30003D4A51 /* koi8_ru.h */ = {isa = PBXFileReference; fileEncoding = 4; lastKnownFileType = sourcecode.c.h; path = koi8_ru.h; sourceTree = "<group>"; };
		4577BE6D1B115D30003D4A51 /* koi8_u.h */ = {isa = PBXFileReference; fileEncoding = 4; lastKnownFileType = sourcecode.c.h; path = koi8_u.h; sourceTree = "<group>"; };
		4577BE6E1B115D30003D4A51 /* mac_cyrillic.h */ = {isa = PBXFileReference; fileEncoding = 4; lastKnownFileType = sourcecode.c.h; path = mac_cyrillic.h; sourceTree = "<group>"; };
		4577BE6F1B115D30003D4A51 /* ucs2.h */ = {isa = PBXFileReference; fileEncoding = 4; lastKnownFileType = sourcecode.c.h; path = ucs2.h; sourceTree = "<group>"; };
		4577BE701B115D30003D4A51 /* utf7.h */ = {isa = PBXFileReference; fileEncoding = 4; lastKnownFileType = sourcecode.c.h; path = utf7.h; sourceTree = "<group>"; };
		4577BE711B115D30003D4A51 /* utf8.h */ = {isa = PBXFileReference; fileEncoding = 4; lastKnownFileType = sourcecode.c.h; path = utf8.h; sourceTree = "<group>"; };
		4577BE721B115D30003D4A51 /* vietcomb.h */ = {isa = PBXFileReference; fileEncoding = 4; lastKnownFileType = sourcecode.c.h; path = vietcomb.h; sourceTree = "<group>"; };
		4577BE741B116167003D4A51 /* atarist.h */ = {isa = PBXFileReference; fileEncoding = 4; lastKnownFileType = sourcecode.c.h; name = atarist.h; path = ../../libiconv.a/lib/atarist.h; sourceTree = "<group>"; };
		4577BE751B116233003D4A51 /* atarist.h */ = {isa = PBXFileReference; fileEncoding = 4; lastKnownFileType = sourcecode.c.h; path = atarist.h; sourceTree = "<group>"; };
		4577BE761B116233003D4A51 /* utf16.h */ = {isa = PBXFileReference; fileEncoding = 4; lastKnownFileType = sourcecode.c.h; path = utf16.h; sourceTree = "<group>"; };
		4577BE771B116233003D4A51 /* utf16be.h */ = {isa = PBXFileReference; fileEncoding = 4; lastKnownFileType = sourcecode.c.h; path = utf16be.h; sourceTree = "<group>"; };
		4577BE781B116233003D4A51 /* utf16le.h */ = {isa = PBXFileReference; fileEncoding = 4; lastKnownFileType = sourcecode.c.h; path = utf16le.h; sourceTree = "<group>"; };
		4577BE791B116233003D4A51 /* viscii.h */ = {isa = PBXFileReference; fileEncoding = 4; lastKnownFileType = sourcecode.c.h; path = viscii.h; sourceTree = "<group>"; };
/* End PBXFileReference section */

/* Begin PBXGroup section */
		4577BDEE1B11457D003D4A51 = {
			isa = PBXGroup;
			children = (
				4577BDFA1B1145A0003D4A51 /* Makefile */,
				4577BE3E1B115CF9003D4A51 /* tiniconv_desc.c */,
				4577BE3F1B115CF9003D4A51 /* tiniconv_int.h */,
				4577BE401B115CF9003D4A51 /* tiniconv.c */,
				4577BE411B115CF9003D4A51 /* tiniconv.h */,
				4577BE731B115D30003D4A51 /* encdec */,
			);
			sourceTree = "<group>";
		};
		4577BE731B115D30003D4A51 /* encdec */ = {
			isa = PBXGroup;
			children = (
				4577BE751B116233003D4A51 /* atarist.h */,
				4577BE761B116233003D4A51 /* utf16.h */,
				4577BE771B116233003D4A51 /* utf16be.h */,
				4577BE781B116233003D4A51 /* utf16le.h */,
				4577BE791B116233003D4A51 /* viscii.h */,
				4577BE741B116167003D4A51 /* atarist.h */,
				4577BE421B115D30003D4A51 /* ascii.h */,
				4577BE431B115D30003D4A51 /* big5.h */,
				4577BE441B115D30003D4A51 /* ces_big5.h */,
				4577BE451B115D30003D4A51 /* ces_gbk.h */,
				4577BE461B115D30003D4A51 /* cp1250.h */,
				4577BE471B115D30003D4A51 /* cp1251.h */,
				4577BE481B115D30003D4A51 /* cp1252.h */,
				4577BE491B115D30003D4A51 /* cp1253.h */,
				4577BE4A1B115D30003D4A51 /* cp1254.h */,
				4577BE4B1B115D30003D4A51 /* cp1255.h */,
				4577BE4C1B115D30003D4A51 /* cp1256.h */,
				4577BE4D1B115D30003D4A51 /* cp1257.h */,
				4577BE4E1B115D30003D4A51 /* cp1258.h */,
				4577BE4F1B115D30003D4A51 /* cp866.h */,
				4577BE501B115D30003D4A51 /* cp936.h */,
				4577BE511B115D30003D4A51 /* cp936ext.h */,
				4577BE521B115D30003D4A51 /* euc_cn.h */,
				4577BE531B115D30003D4A51 /* flushwc.h */,
				4577BE541B115D30003D4A51 /* gb2312.h */,
				4577BE551B115D30003D4A51 /* gbk.h */,
				4577BE561B115D30003D4A51 /* gbkext1.h */,
				4577BE571B115D30003D4A51 /* gbkext2.h */,
				4577BE581B115D30003D4A51 /* gbkext_inv.h */,
				4577BE591B115D30003D4A51 /* iso2022_jp.h */,
				4577BE5A1B115D30003D4A51 /* iso8859_1.h */,
				4577BE5B1B115D30003D4A51 /* iso8859_10.h */,
				4577BE5C1B115D30003D4A51 /* iso8859_11.h */,
				4577BE5D1B115D30003D4A51 /* iso8859_13.h */,
				4577BE5E1B115D30003D4A51 /* iso8859_14.h */,
				4577BE5F1B115D30003D4A51 /* iso8859_15.h */,
				4577BE601B115D30003D4A51 /* iso8859_16.h */,
				4577BE611B115D30003D4A51 /* iso8859_2.h */,
				4577BE621B115D30003D4A51 /* iso8859_3.h */,
				4577BE631B115D30003D4A51 /* iso8859_4.h */,
				4577BE641B115D30003D4A51 /* iso8859_5.h */,
				4577BE651B115D30003D4A51 /* iso8859_6.h */,
				4577BE661B115D30003D4A51 /* iso8859_7.h */,
				4577BE671B115D30003D4A51 /* iso8859_8.h */,
				4577BE681B115D30003D4A51 /* iso8859_9.h */,
				4577BE691B115D30003D4A51 /* jisx0201.h */,
				4577BE6A1B115D30003D4A51 /* jisx0208.h */,
				4577BE6B1B115D30003D4A51 /* koi8_r.h */,
				4577BE6C1B115D30003D4A51 /* koi8_ru.h */,
				4577BE6D1B115D30003D4A51 /* koi8_u.h */,
				4577BE6E1B115D30003D4A51 /* mac_cyrillic.h */,
				4577BE6F1B115D30003D4A51 /* ucs2.h */,
				4577BE701B115D30003D4A51 /* utf7.h */,
				4577BE711B115D30003D4A51 /* utf8.h */,
				4577BE721B115D30003D4A51 /* vietcomb.h */,
			);
			name = encdec;
			path = libtiniconv.a.xcodeproj/../encdec;
			sourceTree = "<group>";
		};
/* End PBXGroup section */

/* Begin PBXLegacyTarget section */
		4577BDF31B11457D003D4A51 /* libtiniconv.a */ = {
			isa = PBXLegacyTarget;
			buildArgumentsString = "$(ACTION)";
			buildConfigurationList = 4577BDF61B11457D003D4A51 /* Build configuration list for PBXLegacyTarget "libtiniconv.a" */;
			buildPhases = (
			);
			buildToolPath = /usr/bin/make;
			dependencies = (
			);
			name = libtiniconv.a;
			passBuildSettingsInEnvironment = 1;
			productName = libtiniconv.a;
		};
/* End PBXLegacyTarget section */

/* Begin PBXProject section */
		4577BDEF1B11457D003D4A51 /* Project object */ = {
			isa = PBXProject;
			attributes = {
				LastUpgradeCheck = 0630;
				ORGANIZATIONNAME = Renaissance;
				TargetAttributes = {
					4577BDF31B11457D003D4A51 = {
						CreatedOnToolsVersion = 6.3.2;
					};
				};
			};
			buildConfigurationList = 4577BDF21B11457D003D4A51 /* Build configuration list for PBXProject "libtiniconv.a" */;
			compatibilityVersion = "Xcode 3.2";
			developmentRegion = English;
			hasScannedForEncodings = 0;
			knownRegions = (
				en,
			);
			mainGroup = 4577BDEE1B11457D003D4A51;
			projectDirPath = "";
			projectRoot = "";
			targets = (
				4577BDF31B11457D003D4A51 /* libtiniconv.a */,
			);
		};
/* End PBXProject section */

/* Begin XCBuildConfiguration section */
		4577BDF41B11457D003D4A51 /* Debug */ = {
			isa = XCBuildConfiguration;
			buildSettings = {
				ALWAYS_SEARCH_USER_PATHS = NO;
				CLANG_CXX_LANGUAGE_STANDARD = "gnu++0x";
				CLANG_CXX_LIBRARY = "libc++";
				CLANG_ENABLE_MODULES = YES;
				CLANG_ENABLE_OBJC_ARC = YES;
				CLANG_WARN_BOOL_CONVERSION = YES;
				CLANG_WARN_CONSTANT_CONVERSION = YES;
				CLANG_WARN_DIRECT_OBJC_ISA_USAGE = YES_ERROR;
				CLANG_WARN_EMPTY_BODY = YES;
				CLANG_WARN_ENUM_CONVERSION = YES;
				CLANG_WARN_INT_CONVERSION = YES;
				CLANG_WARN_OBJC_ROOT_CLASS = YES_ERROR;
				CLANG_WARN_UNREACHABLE_CODE = YES;
				CLANG_WARN__DUPLICATE_METHOD_MATCH = YES;
				COPY_PHASE_STRIP = NO;
				DEBUG_INFORMATION_FORMAT = dwarf;
				ENABLE_STRICT_OBJC_MSGSEND = YES;
				GCC_C_LANGUAGE_STANDARD = gnu99;
				GCC_DYNAMIC_NO_PIC = NO;
				GCC_NO_COMMON_BLOCKS = YES;
				GCC_OPTIMIZATION_LEVEL = 0;
				GCC_PREPROCESSOR_DEFINITIONS = (
					"DEBUG=1",
					"$(inherited)",
				);
				GCC_SYMBOLS_PRIVATE_EXTERN = NO;
				GCC_WARN_64_TO_32_BIT_CONVERSION = YES;
				GCC_WARN_ABOUT_RETURN_TYPE = YES_ERROR;
				GCC_WARN_UNDECLARED_SELECTOR = YES;
				GCC_WARN_UNINITIALIZED_AUTOS = YES_AGGRESSIVE;
				GCC_WARN_UNUSED_FUNCTION = YES;
				GCC_WARN_UNUSED_VARIABLE = YES;
				MACOSX_DEPLOYMENT_TARGET = 10.10;
				MTL_ENABLE_DEBUG_INFO = YES;
				ONLY_ACTIVE_ARCH = YES;
				SDKROOT = macosx;
			};
			name = Debug;
		};
		4577BDF51B11457D003D4A51 /* Release */ = {
			isa = XCBuildConfiguration;
			buildSettings = {
				ALWAYS_SEARCH_USER_PATHS = NO;
				CLANG_CXX_LANGUAGE_STANDARD = "gnu++0x";
				CLANG_CXX_LIBRARY = "libc++";
				CLANG_ENABLE_MODULES = YES;
				CLANG_ENABLE_OBJC_ARC = YES;
				CLANG_WARN_BOOL_CONVERSION = YES;
				CLANG_WARN_CONSTANT_CONVERSION = YES;
				CLANG_WARN_DIRECT_OBJC_ISA_USAGE = YES_ERROR;
				CLANG_WARN_EMPTY_BODY = YES;
				CLANG_WARN_ENUM_CONVERSION = YES;
				CLANG_WARN_INT_CONVERSION = YES;
				CLANG_WARN_OBJC_ROOT_CLASS = YES_ERROR;
				CLANG_WARN_UNREACHABLE_CODE = YES;
				CLANG_WARN__DUPLICATE_METHOD_MATCH = YES;
				COPY_PHASE_STRIP = NO;
				DEBUG_INFORMATION_FORMAT = "dwarf-with-dsym";
				ENABLE_NS_ASSERTIONS = NO;
				ENABLE_STRICT_OBJC_MSGSEND = YES;
				GCC_C_LANGUAGE_STANDARD = gnu99;
				GCC_NO_COMMON_BLOCKS = YES;
				GCC_WARN_64_TO_32_BIT_CONVERSION = YES;
				GCC_WARN_ABOUT_RETURN_TYPE = YES_ERROR;
				GCC_WARN_UNDECLARED_SELECTOR = YES;
				GCC_WARN_UNINITIALIZED_AUTOS = YES_AGGRESSIVE;
				GCC_WARN_UNUSED_FUNCTION = YES;
				GCC_WARN_UNUSED_VARIABLE = YES;
				MACOSX_DEPLOYMENT_TARGET = 10.10;
				MTL_ENABLE_DEBUG_INFO = NO;
				SDKROOT = macosx;
			};
			name = Release;
		};
		4577BDF71B11457D003D4A51 /* Debug */ = {
			isa = XCBuildConfiguration;
			buildSettings = {
				DEBUGGING_SYMBOLS = YES;
				GCC_GENERATE_DEBUGGING_SYMBOLS = YES;
				GCC_OPTIMIZATION_LEVEL = 0;
				OTHER_CFLAGS = "";
				OTHER_LDFLAGS = "";
				PRODUCT_NAME = "$(TARGET_NAME)";
			};
			name = Debug;
		};
		4577BDF81B11457D003D4A51 /* Release */ = {
			isa = XCBuildConfiguration;
			buildSettings = {
				OTHER_CFLAGS = "";
				OTHER_LDFLAGS = "";
				PRODUCT_NAME = "$(TARGET_NAME)";
			};
			name = Release;
		};
/* End XCBuildConfiguration section */

/* Begin XCConfigurationList section */
		4577BDF21B11457D003D4A51 /* Build configuration list for PBXProject "libtiniconv.a" */ = {
			isa = XCConfigurationList;
			buildConfigurations = (
				4577BDF41B11457D003D4A51 /* Debug */,
				4577BDF51B11457D003D4A51 /* Release */,
			);
			defaultConfigurationIsVisible = 0;
			defaultConfigurationName = Release;
		};
		4577BDF61B11457D003D4A51 /* Build configuration list for PBXLegacyTarget "libtiniconv.a" */ = {
			isa = XCConfigurationList;
			buildConfigurations = (
				4577BDF71B11457D003D4A51 /* Debug */,
				4577BDF81B11457D003D4A51 /* Release */,
			);
			defaultConfigurationIsVisible = 0;
		};
/* End XCConfigurationList section */
	};
	rootObject = 4577BDEF1B11457D003D4A51 /* Project object */;
}
